PODS:
  - libPhoneNumber-iOS (0.9.15)
  - MultiPlatformLibrary (0.1.0)
  - MultiPlatformLibraryRpm (0.0.1):
    - MultiPlatformLibrary
    - MultiPlatformLibraryRpm/base (= 0.0.1)
    - MultiPlatformLibraryRpm/bindings (= 0.0.1)
    - MultiPlatformLibraryRpm/core (= 0.0.1)
    - MultiPlatformLibraryRpm/widget (= 0.0.1)
  - MultiPlatformLibraryRpm/base (0.0.1):
    - MultiPlatformLibrary
  - MultiPlatformLibraryRpm/bindings (0.0.1):
    - MultiPlatformLibrary
  - MultiPlatformLibraryRpm/core (0.0.1):
    - MultiPlatformLibrary
  - MultiPlatformLibraryRpm/widget (0.0.1):
    - MultiPlatformLibrary

DEPENDENCIES:
  - libPhoneNumber-iOS (~> 0.8)
  - MultiPlatformLibrary (from `../app-common`)
  - MultiPlatformLibraryRpm (from `../`)

SPEC REPOS:
  https://github.com/CocoaPods/Specs.git:
    - libPhoneNumber-iOS

EXTERNAL SOURCES:
  MultiPlatformLibrary:
    :path: "../app-common"
  MultiPlatformLibraryRpm:
    :path: "../"

SPEC CHECKSUMS:
  libPhoneNumber-iOS: 0a32a9525cf8744fe02c5206eb30d571e38f7d75
  MultiPlatformLibrary: 28d2b842387accb777f31aefe854d39566307727
  MultiPlatformLibraryRpm: 5e5436a6a7e4abc8990b2a6069e821d3b7bdcb8e

PODFILE CHECKSUM: bec1efb927d56517b35d96d10edb46640e3b8f13

COCOAPODS: 1.9.0
